
Microsoft Visual Studio Solution File, Format Version 12.00
# Visual Studio Version 17
VisualStudioVersion = 17.2.32630.192
MinimumVisualStudioVersion = 10.0.40219.1
Project("{FAE04EC0-301F-11D3-BF4B-00C04F79EFBC}") = "WebUI", "WebUI\WebUI.csproj", "{FBE85A1B-5E86-4D0D-B827-2EC4C8411D27}"
EndProject
Project("{FAE04EC0-301F-11D3-BF4B-00C04F79EFBC}") = "Business", "Business\Business.csproj", "{5BDD6557-4A19-48F8-9083-836706E31FFE}"
EndProject
Project("{FAE04EC0-301F-11D3-BF4B-00C04F79EFBC}") = "DataAccess", "DataAccess\DataAccess.csproj", "{86FCBB9F-CD48-4F94-A2ED-E069E38C2EFE}"
EndProject
Project("{FAE04EC0-301F-11D3-BF4B-00C04F79EFBC}") = "Entities", "Entities\Entities.csproj", "{A28C952C-E9CB-480D-A50F-9512D2B796D5}"
EndProject
Project("{FAE04EC0-301F-11D3-BF4B-00C04F79EFBC}") = "Core", "Core\Core.csproj", "{9E8CA791-4D19-4910-8C9A-7B290649C95B}"
EndProject
Global
	GlobalSection(SolutionConfigurationPlatforms) = preSolution
		Debug|Any CPU = Debug|Any CPU
		Release|Any CPU = Release|Any CPU
	EndGlobalSection
	GlobalSection(ProjectConfigurationPlatforms) = postSolution
		{FBE85A1B-5E86-4D0D-B827-2EC4C8411D27}.Debug|Any CPU.ActiveCfg = Debug|Any CPU
		{FBE85A1B-5E86-4D0D-B827-2EC4C8411D27}.Debug|Any CPU.Build.0 = Debug|Any CPU
		{FBE85A1B-5E86-4D0D-B827-2EC4C8411D27}.Release|Any CPU.ActiveCfg = Release|Any CPU
		{FBE85A1B-5E86-4D0D-B827-2EC4C8411D27}.Release|Any CPU.Build.0 = Release|Any CPU
		{5BDD6557-4A19-48F8-9083-836706E31FFE}.Debug|Any CPU.ActiveCfg = Debug|Any CPU
		{5BDD6557-4A19-48F8-9083-836706E31FFE}.Debug|Any CPU.Build.0 = Debug|Any CPU
		{5BDD6557-4A19-48F8-9083-836706E31FFE}.Release|Any CPU.ActiveCfg = Release|Any CPU
		{5BDD6557-4A19-48F8-9083-836706E31FFE}.Release|Any CPU.Build.0 = Release|Any CPU
		{86FCBB9F-CD48-4F94-A2ED-E069E38C2EFE}.Debug|Any CPU.ActiveCfg = Debug|Any CPU
		{86FCBB9F-CD48-4F94-A2ED-E069E38C2EFE}.Debug|Any CPU.Build.0 = Debug|Any CPU
		{86FCBB9F-CD48-4F94-A2ED-E069E38C2EFE}.Release|Any CPU.ActiveCfg = Release|Any CPU
		{86FCBB9F-CD48-4F94-A2ED-E069E38C2EFE}.Release|Any CPU.Build.0 = Release|Any CPU
		{A28C952C-E9CB-480D-A50F-9512D2B796D5}.Debug|Any CPU.ActiveCfg = Debug|Any CPU
		{A28C952C-E9CB-480D-A50F-9512D2B796D5}.Debug|Any CPU.Build.0 = Debug|Any CPU
		{A28C952C-E9CB-480D-A50F-9512D2B796D5}.Release|Any CPU.ActiveCfg = Release|Any CPU
		{A28C952C-E9CB-480D-A50F-9512D2B796D5}.Release|Any CPU.Build.0 = Release|Any CPU
		{9E8CA791-4D19-4910-8C9A-7B290649C95B}.Debug|Any CPU.ActiveCfg = Debug|Any CPU
		{9E8CA791-4D19-4910-8C9A-7B290649C95B}.Debug|Any CPU.Build.0 = Debug|Any CPU
		{9E8CA791-4D19-4910-8C9A-7B290649C95B}.Release|Any CPU.ActiveCfg = Release|Any CPU
		{9E8CA791-4D19-4910-8C9A-7B290649C95B}.Release|Any CPU.Build.0 = Release|Any CPU
	EndGlobalSection
	GlobalSection(SolutionProperties) = preSolution
		HideSolutionNode = FALSE
	EndGlobalSection
	GlobalSection(ExtensibilityGlobals) = postSolution
		SolutionGuid = {72955B08-019F-420E-A5FC-983FF8D13DF7}
	EndGlobalSection
EndGlobal
